// !$*UTF8*$!
{
	archiveVersion = 1;
	classes = {
	};
	objectVersion = 46;
	objects = {

/* Begin PBXBuildFile section */
		E11855071B2643360001A5E8 /* main.m in Sources */ = {isa = PBXBuildFile; fileRef = E11855061B2643360001A5E8 /* main.m */; };
		E118550A1B2643360001A5E8 /* AppDelegate.m in Sources */ = {isa = PBXBuildFile; fileRef = E11855091B2643360001A5E8 /* AppDelegate.m */; };
		E118550D1B2643360001A5E8 /* CalculatorViewController.m in Sources */ = {isa = PBXBuildFile; fileRef = E118550C1B2643360001A5E8 /* CalculatorViewController.m */; };
		E11855101B2643360001A5E8 /* Main.storyboard in Resources */ = {isa = PBXBuildFile; fileRef = E118550E1B2643360001A5E8 /* Main.storyboard */; };
		E11855121B2643360001A5E8 /* Images.xcassets in Resources */ = {isa = PBXBuildFile; fileRef = E11855111B2643360001A5E8 /* Images.xcassets */; };
		E11855151B2643360001A5E8 /* LaunchScreen.xib in Resources */ = {isa = PBXBuildFile; fileRef = E11855131B2643360001A5E8 /* LaunchScreen.xib */; };
		E11855211B2643370001A5E8 /* RPN_CalculatorTests.m in Sources */ = {isa = PBXBuildFile; fileRef = E11855201B2643370001A5E8 /* RPN_CalculatorTests.m */; };
		E118552B1B266BB70001A5E8 /* RPNCalculator.m in Sources */ = {isa = PBXBuildFile; fileRef = E118552A1B266BB70001A5E8 /* RPNCalculator.m */; };
		E15195C61B2A0A8A003DBD56 /* Main_iPad2.storyboard in Resources */ = {isa = PBXBuildFile; fileRef = E15195C51B2A0A8A003DBD56 /* Main_iPad2.storyboard */; };
		E15195C81B2A0D4F003DBD56 /* Main_iPad.storyboard in Resources */ = {isa = PBXBuildFile; fileRef = E15195C71B2A0D4F003DBD56 /* Main_iPad.storyboard */; };
		E15195CB1B2A10CB003DBD56 /* GraphingViewController.m in Sources */ = {isa = PBXBuildFile; fileRef = E15195CA1B2A10CB003DBD56 /* GraphingViewController.m */; };
		E15195CE1B2A11BC003DBD56 /* GraphingView.m in Sources */ = {isa = PBXBuildFile; fileRef = E15195CD1B2A11BC003DBD56 /* GraphingView.m */; };
/* End PBXBuildFile section */

/* Begin PBXContainerItemProxy section */
		E118551B1B2643370001A5E8 /* PBXContainerItemProxy */ = {
			isa = PBXContainerItemProxy;
			containerPortal = E11854F91B2643360001A5E8 /* Project object */;
			proxyType = 1;
			remoteGlobalIDString = E11855001B2643360001A5E8;
			remoteInfo = RPN_Calculator;
		};
/* End PBXContainerItemProxy section */

/* Begin PBXFileReference section */
		E11855011B2643360001A5E8 /* RPN_Calculator.app */ = {isa = PBXFileReference; explicitFileType = wrapper.application; includeInIndex = 0; path = RPN_Calculator.app; sourceTree = BUILT_PRODUCTS_DIR; };
		E11855051B2643360001A5E8 /* Info.plist */ = {isa = PBXFileReference; lastKnownFileType = text.plist.xml; path = Info.plist; sourceTree = "<group>"; };
		E11855061B2643360001A5E8 /* main.m */ = {isa = PBXFileReference; lastKnownFileType = sourcecode.c.objc; path = main.m; sourceTree = "<group>"; };
		E11855081B2643360001A5E8 /* AppDelegate.h */ = {isa = PBXFileReference; lastKnownFileType = sourcecode.c.h; path = AppDelegate.h; sourceTree = "<group>"; };
		E11855091B2643360001A5E8 /* AppDelegate.m */ = {isa = PBXFileReference; lastKnownFileType = sourcecode.c.objc; path = AppDelegate.m; sourceTree = "<group>"; };
		E118550B1B2643360001A5E8 /* CalculatorViewController.h */ = {isa = PBXFileReference; lastKnownFileType = sourcecode.c.h; path = CalculatorViewController.h; sourceTree = "<group>"; };
		E118550C1B2643360001A5E8 /* CalculatorViewController.m */ = {isa = PBXFileReference; lastKnownFileType = sourcecode.c.objc; path = CalculatorViewController.m; sourceTree = "<group>"; };
		E118550F1B2643360001A5E8 /* Base */ = {isa = PBXFileReference; lastKnownFileType = file.storyboard; name = Base; path = Base.lproj/Main.storyboard; sourceTree = "<group>"; };
		E11855111B2643360001A5E8 /* Images.xcassets */ = {isa = PBXFileReference; lastKnownFileType = folder.assetcatalog; path = Images.xcassets; sourceTree = "<group>"; };
		E11855141B2643360001A5E8 /* Base */ = {isa = PBXFileReference; lastKnownFileType = file.xib; name = Base; path = Base.lproj/LaunchScreen.xib; sourceTree = "<group>"; };
		E118551A1B2643370001A5E8 /* RPN_CalculatorTests.xctest */ = {isa = PBXFileReference; explicitFileType = wrapper.cfbundle; includeInIndex = 0; path = RPN_CalculatorTests.xctest; sourceTree = BUILT_PRODUCTS_DIR; };
		E118551F1B2643370001A5E8 /* Info.plist */ = {isa = PBXFileReference; lastKnownFileType = text.plist.xml; path = Info.plist; sourceTree = "<group>"; };
		E11855201B2643370001A5E8 /* RPN_CalculatorTests.m */ = {isa = PBXFileReference; lastKnownFileType = sourcecode.c.objc; path = RPN_CalculatorTests.m; sourceTree = "<group>"; };
		E118552A1B266BB70001A5E8 /* RPNCalculator.m */ = {isa = PBXFileReference; fileEncoding = 4; lastKnownFileType = sourcecode.c.objc; path = RPNCalculator.m; sourceTree = "<group>"; };
		E118552C1B266BD10001A5E8 /* RPNCalculator.h */ = {isa = PBXFileReference; lastKnownFileType = sourcecode.c.h; path = RPNCalculator.h; sourceTree = "<group>"; };
		E15195C51B2A0A8A003DBD56 /* Main_iPad2.storyboard */ = {isa = PBXFileReference; fileEncoding = 4; lastKnownFileType = file.storyboard; path = Main_iPad2.storyboard; sourceTree = "<group>"; };
		E15195C71B2A0D4F003DBD56 /* Main_iPad.storyboard */ = {isa = PBXFileReference; fileEncoding = 4; lastKnownFileType = file.storyboard; path = Main_iPad.storyboard; sourceTree = "<group>"; };
		E15195C91B2A10A6003DBD56 /* GraphingViewController.h */ = {isa = PBXFileReference; fileEncoding = 4; lastKnownFileType = sourcecode.c.h; path = GraphingViewController.h; sourceTree = "<group>"; };
		E15195CA1B2A10CB003DBD56 /* GraphingViewController.m */ = {isa = PBXFileReference; fileEncoding = 4; lastKnownFileType = sourcecode.c.objc; path = GraphingViewController.m; sourceTree = "<group>"; };
		E15195CC1B2A11AA003DBD56 /* GraphingView.h */ = {isa = PBXFileReference; fileEncoding = 4; lastKnownFileType = sourcecode.c.h; path = GraphingView.h; sourceTree = "<group>"; };
		E15195CD1B2A11BC003DBD56 /* GraphingView.m */ = {isa = PBXFileReference; fileEncoding = 4; lastKnownFileType = sourcecode.c.objc; path = GraphingView.m; sourceTree = "<group>"; };
/* End PBXFileReference section */

/* Begin PBXFrameworksBuildPhase section */
		E11854FE1B2643360001A5E8 /* Frameworks */ = {
			isa = PBXFrameworksBuildPhase;
			buildActionMask = 2147483647;
			files = (
			);
			runOnlyForDeploymentPostprocessing = 0;
		};
		E11855171B2643370001A5E8 /* Frameworks */ = {
			isa = PBXFrameworksBuildPhase;
			buildActionMask = 2147483647;
			files = (
			);
			runOnlyForDeploymentPostprocessing = 0;
		};
/* End PBXFrameworksBuildPhase section */

/* Begin PBXGroup section */
		E11854F81B2643360001A5E8 = {
			isa = PBXGroup;
			children = (
				E11855031B2643360001A5E8 /* RPN_Calculator */,
				E118551D1B2643370001A5E8 /* RPN_CalculatorTests */,
				E11855021B2643360001A5E8 /* Products */,
			);
			sourceTree = "<group>";
		};
		E11855021B2643360001A5E8 /* Products */ = {
			isa = PBXGroup;
			children = (
				E11855011B2643360001A5E8 /* RPN_Calculator.app */,
				E118551A1B2643370001A5E8 /* RPN_CalculatorTests.xctest */,
			);
			name = Products;
			sourceTree = "<group>";
		};
		E11855031B2643360001A5E8 /* RPN_Calculator */ = {
			isa = PBXGroup;
			children = (
				E15195C71B2A0D4F003DBD56 /* Main_iPad.storyboard */,
				E11855081B2643360001A5E8 /* AppDelegate.h */,
				E11855091B2643360001A5E8 /* AppDelegate.m */,
				E118550B1B2643360001A5E8 /* CalculatorViewController.h */,
				E118550C1B2643360001A5E8 /* CalculatorViewController.m */,
				E15195C91B2A10A6003DBD56 /* GraphingViewController.h */,
				E15195CA1B2A10CB003DBD56 /* GraphingViewController.m */,
				E15195CC1B2A11AA003DBD56 /* GraphingView.h */,
				E15195CD1B2A11BC003DBD56 /* GraphingView.m */,
				E118550E1B2643360001A5E8 /* Main.storyboard */,
				E15195C51B2A0A8A003DBD56 /* Main_iPad2.storyboard */,
				E11855111B2643360001A5E8 /* Images.xcassets */,
				E11855131B2643360001A5E8 /* LaunchScreen.xib */,
				E11855041B2643360001A5E8 /* Supporting Files */,
				E118552A1B266BB70001A5E8 /* RPNCalculator.m */,
				E118552C1B266BD10001A5E8 /* RPNCalculator.h */,
			);
			path = RPN_Calculator;
			sourceTree = "<group>";
		};
		E11855041B2643360001A5E8 /* Supporting Files */ = {
			isa = PBXGroup;
			children = (
				E11855051B2643360001A5E8 /* Info.plist */,
				E11855061B2643360001A5E8 /* main.m */,
			);
			name = "Supporting Files";
			sourceTree = "<group>";
		};
		E118551D1B2643370001A5E8 /* RPN_CalculatorTests */ = {
			isa = PBXGroup;
			children = (
				E11855201B2643370001A5E8 /* RPN_CalculatorTests.m */,
				E118551E1B2643370001A5E8 /* Supporting Files */,
			);
			path = RPN_CalculatorTests;
			sourceTree = "<group>";
		};
		E118551E1B2643370001A5E8 /* Supporting Files */ = {
			isa = PBXGroup;
			children = (
				E118551F1B2643370001A5E8 /* Info.plist */,
			);
			name = "Supporting Files";
			sourceTree = "<group>";
		};
/* End PBXGroup section */

/* Begin PBXNativeTarget section */
		E11855001B2643360001A5E8 /* RPN_Calculator */ = {
			isa = PBXNativeTarget;
			buildConfigurationList = E11855241B2643370001A5E8 /* Build configuration list for PBXNativeTarget "RPN_Calculator" */;
			buildPhases = (
				E11854FD1B2643360001A5E8 /* Sources */,
				E11854FE1B2643360001A5E8 /* Frameworks */,
				E11854FF1B2643360001A5E8 /* Resources */,
			);
			buildRules = (
			);
			dependencies = (
			);
			name = RPN_Calculator;
			productName = RPN_Calculator;
			productReference = E11855011B2643360001A5E8 /* RPN_Calculator.app */;
			productType = "com.apple.product-type.application";
		};
		E11855191B2643370001A5E8 /* RPN_CalculatorTests */ = {
			isa = PBXNativeTarget;
			buildConfigurationList = E11855271B2643370001A5E8 /* Build configuration list for PBXNativeTarget "RPN_CalculatorTests" */;
			buildPhases = (
				E11855161B2643370001A5E8 /* Sources */,
				E11855171B2643370001A5E8 /* Frameworks */,
				E11855181B2643370001A5E8 /* Resources */,
			);
			buildRules = (
			);
			dependencies = (
				E118551C1B2643370001A5E8 /* PBXTargetDependency */,
			);
			name = RPN_CalculatorTests;
			productName = RPN_CalculatorTests;
			productReference = E118551A1B2643370001A5E8 /* RPN_CalculatorTests.xctest */;
			productType = "com.apple.product-type.bundle.unit-test";
		};
/* End PBXNativeTarget section */

/* Begin PBXProject section */
		E11854F91B2643360001A5E8 /* Project object */ = {
			isa = PBXProject;
			attributes = {
				LastUpgradeCheck = 0630;
				ORGANIZATIONNAME = "Avinash Krishnan";
				TargetAttributes = {
					E11855001B2643360001A5E8 = {
						CreatedOnToolsVersion = 6.3.2;
					};
					E11855191B2643370001A5E8 = {
						CreatedOnToolsVersion = 6.3.2;
						TestTargetID = E11855001B2643360001A5E8;
					};
				};
			};
			buildConfigurationList = E11854FC1B2643360001A5E8 /* Build configuration list for PBXProject "RPN_Calculator" */;
			compatibilityVersion = "Xcode 3.2";
			developmentRegion = English;
			hasScannedForEncodings = 0;
			knownRegions = (
				en,
				Base,
			);
			mainGroup = E11854F81B2643360001A5E8;
			productRefGroup = E11855021B2643360001A5E8 /* Products */;
			projectDirPath = "";
			projectRoot = "";
			targets = (
				E11855001B2643360001A5E8 /* RPN_Calculator */,
				E11855191B2643370001A5E8 /* RPN_CalculatorTests */,
			);
		};
/* End PBXProject section */

/* Begin PBXResourcesBuildPhase section */
		E11854FF1B2643360001A5E8 /* Resources */ = {
			isa = PBXResourcesBuildPhase;
			buildActionMask = 2147483647;
			files = (
				E15195C81B2A0D4F003DBD56 /* Main_iPad.storyboard in Resources */,
				E11855101B2643360001A5E8 /* Main.storyboard in Resources */,
				E15195C61B2A0A8A003DBD56 /* Main_iPad2.storyboard in Resources */,
				E11855151B2643360001A5E8 /* LaunchScreen.xib in Resources */,
				E11855121B2643360001A5E8 /* Images.xcassets in Resources */,
			);
			runOnlyForDeploymentPostprocessing = 0;
		};
		E11855181B2643370001A5E8 /* Resources */ = {
			isa = PBXResourcesBuildPhase;
			buildActionMask = 2147483647;
			files = (
			);
			runOnlyForDeploymentPostprocessing = 0;
		};
/* End PBXResourcesBuildPhase section */

/* Begin PBXSourcesBuildPhase section */
		E11854FD1B2643360001A5E8 /* Sources */ = {
			isa = PBXSourcesBuildPhase;
			buildActionMask = 2147483647;
			files = (
				E15195CE1B2A11BC003DBD56 /* GraphingView.m in Sources */,
				E118552B1B266BB70001A5E8 /* RPNCalculator.m in Sources */,
				E15195CB1B2A10CB003DBD56 /* GraphingViewController.m in Sources */,
				E118550D1B2643360001A5E8 /* CalculatorViewController.m in Sources */,
				E118550A1B2643360001A5E8 /* AppDelegate.m in Sources */,
				E11855071B2643360001A5E8 /* main.m in Sources */,
			);
			runOnlyForDeploymentPostprocessing = 0;
		};
		E11855161B2643370001A5E8 /* Sources */ = {
			isa = PBXSourcesBuildPhase;
			buildActionMask = 2147483647;
			files = (
				E11855211B2643370001A5E8 /* RPN_CalculatorTests.m in Sources */,
			);
			runOnlyForDeploymentPostprocessing = 0;
		};
/* End PBXSourcesBuildPhase section */

/* Begin PBXTargetDependency section */
		E118551C1B2643370001A5E8 /* PBXTargetDependency */ = {
			isa = PBXTargetDependency;
			target = E11855001B2643360001A5E8 /* RPN_Calculator */;
			targetProxy = E118551B1B2643370001A5E8 /* PBXContainerItemProxy */;
		};
/* End PBXTargetDependency section */

/* Begin PBXVariantGroup section */
		E118550E1B2643360001A5E8 /* Main.storyboard */ = {
			isa = PBXVariantGroup;
			children = (
				E118550F1B2643360001A5E8 /* Base */,
			);
			name = Main.storyboard;
			sourceTree = "<group>";
		};
		E11855131B2643360001A5E8 /* LaunchScreen.xib */ = {
			isa = PBXVariantGroup;
			children = (
				E11855141B2643360001A5E8 /* Base */,
			);
			name = LaunchScreen.xib;
			sourceTree = "<group>";
		};
/* End PBXVariantGroup section */

/* Begin XCBuildConfiguration section */
		E11855221B2643370001A5E8 /* Debug */ = {
			isa = XCBuildConfiguration;
			buildSettings = {
				ALWAYS_SEARCH_USER_PATHS = NO;
				CLANG_CXX_LANGUAGE_STANDARD = "gnu++0x";
				CLANG_CXX_LIBRARY = "libc++";
				CLANG_ENABLE_MODULES = YES;
				CLANG_ENABLE_OBJC_ARC = YES;
				CLANG_WARN_BOOL_CONVERSION = YES;
				CLANG_WARN_CONSTANT_CONVERSION = YES;
				CLANG_WARN_DIRECT_OBJC_ISA_USAGE = YES_ERROR;
				CLANG_WARN_EMPTY_BODY = YES;
				CLANG_WARN_ENUM_CONVERSION = YES;
				CLANG_WARN_INT_CONVERSION = YES;
				CLANG_WARN_OBJC_ROOT_CLASS = YES_ERROR;
				CLANG_WARN_UNREACHABLE_CODE = YES;
				CLANG_WARN__DUPLICATE_METHOD_MATCH = YES;
				"CODE_SIGN_IDENTITY[sdk=iphoneos*]" = "iPhone Developer";
				COPY_PHASE_STRIP = NO;
				DEBUG_INFORMATION_FORMAT = "dwarf-with-dsym";
				ENABLE_STRICT_OBJC_MSGSEND = YES;
				GCC_C_LANGUAGE_STANDARD = gnu99;
				GCC_DYNAMIC_NO_PIC = NO;
				GCC_NO_COMMON_BLOCKS = YES;
				GCC_OPTIMIZATION_LEVEL = 0;
				GCC_PREPROCESSOR_DEFINITIONS = (
					"DEBUG=1",
					"$(inherited)",
				);
				GCC_SYMBOLS_PRIVATE_EXTERN = NO;
				GCC_WARN_64_TO_32_BIT_CONVERSION = YES;
				GCC_WARN_ABOUT_RETURN_TYPE = YES_ERROR;
				GCC_WARN_UNDECLARED_SELECTOR = YES;
				GCC_WARN_UNINITIALIZED_AUTOS = YES_AGGRESSIVE;
				GCC_WARN_UNUSED_FUNCTION = YES;
				GCC_WARN_UNUSED_VARIABLE = YES;
				IPHONEOS_DEPLOYMENT_TARGET = 8.3;
				MTL_ENABLE_DEBUG_INFO = YES;
				ONLY_ACTIVE_ARCH = YES;
				SDKROOT = iphoneos;
				TARGETED_DEVICE_FAMILY = "1,2";
			};
			name = Debug;
		};
		E11855231B2643370001A5E8 /* Release */ = {
			isa = XCBuildConfiguration;
			buildSettings = {
				ALWAYS_SEARCH_USER_PATHS = NO;
				CLANG_CXX_LANGUAGE_STANDARD = "gnu++0x";
				CLANG_CXX_LIBRARY = "libc++";
				CLANG_ENABLE_MODULES = YES;
				CLANG_ENABLE_OBJC_ARC = YES;
				CLANG_WARN_BOOL_CONVERSION = YES;
				CLANG_WARN_CONSTANT_CONVERSION = YES;
				CLANG_WARN_DIRECT_OBJC_ISA_USAGE = YES_ERROR;
				CLANG_WARN_EMPTY_BODY = YES;
				CLANG_WARN_ENUM_CONVERSION = YES;
				CLANG_WARN_INT_CONVERSION = YES;
				CLANG_WARN_OBJC_ROOT_CLASS = YES_ERROR;
				CLANG_WARN_UNREACHABLE_CODE = YES;
				CLANG_WARN__DUPLICATE_METHOD_MATCH = YES;
				"CODE_SIGN_IDENTITY[sdk=iphoneos*]" = "iPhone Developer";
				COPY_PHASE_STRIP = NO;
				DEBUG_INFORMATION_FORMAT = "dwarf-with-dsym";
				ENABLE_NS_ASSERTIONS = NO;
				ENABLE_STRICT_OBJC_MSGSEND = YES;
				GCC_C_LANGUAGE_STANDARD = gnu99;
				GCC_NO_COMMON_BLOCKS = YES;
				GCC_WARN_64_TO_32_BIT_CONVERSION = YES;
				GCC_WARN_ABOUT_RETURN_TYPE = YES_ERROR;
				GCC_WARN_UNDECLARED_SELECTOR = YES;
				GCC_WARN_UNINITIALIZED_AUTOS = YES_AGGRESSIVE;
				GCC_WARN_UNUSED_FUNCTION = YES;
				GCC_WARN_UNUSED_VARIABLE = YES;
				IPHONEOS_DEPLOYMENT_TARGET = 8.3;
				MTL_ENABLE_DEBUG_INFO = NO;
				SDKROOT = iphoneos;
				TARGETED_DEVICE_FAMILY = "1,2";
				VALIDATE_PRODUCT = YES;
			};
			name = Release;
		};
		E11855251B2643370001A5E8 /* Debug */ = {
			isa = XCBuildConfiguration;
			buildSettings = {
				ASSETCATALOG_COMPILER_APPICON_NAME = AppIcon;
				INFOPLIST_FILE = RPN_Calculator/Info.plist;
				LD_RUNPATH_SEARCH_PATHS = "$(inherited) @executable_path/Frameworks";
				PRODUCT_NAME = "$(TARGET_NAME)";
				TARGETED_DEVICE_FAMILY = "1,2";
			};
			name = Debug;
		};
		E11855261B2643370001A5E8 /* Release */ = {
			isa = XCBuildConfiguration;
			buildSettings = {
				ASSETCATALOG_COMPILER_APPICON_NAME = AppIcon;
				INFOPLIST_FILE = RPN_Calculator/Info.plist;
				LD_RUNPATH_SEARCH_PATHS = "$(inherited) @executable_path/Frameworks";
				PRODUCT_NAME = "$(TARGET_NAME)";
				TARGETED_DEVICE_FAMILY = "1,2";
			};
			name = Release;
		};
		E11855281B2643370001A5E8 /* Debug */ = {
			isa = XCBuildConfiguration;
			buildSettings = {
				BUNDLE_LOADER = "$(TEST_HOST)";
				FRAMEWORK_SEARCH_PATHS = (
					"$(SDKROOT)/Developer/Library/Frameworks",
					"$(inherited)",
				);
				GCC_PREPROCESSOR_DEFINITIONS = (
					"DEBUG=1",
					"$(inherited)",
				);
				INFOPLIST_FILE = RPN_CalculatorTests/Info.plist;
				LD_RUNPATH_SEARCH_PATHS = "$(inherited) @executable_path/Frameworks @loader_path/Frameworks";
				PRODUCT_NAME = "$(TARGET_NAME)";
				TEST_HOST = "$(BUILT_PRODUCTS_DIR)/RPN_Calculator.app/RPN_Calculator";
			};
			name = Debug;
		};
		E11855291B2643370001A5E8 /* Release */ = {
			isa = XCBuildConfiguration;
			buildSettings = {
				BUNDLE_LOADER = "$(TEST_HOST)";
				FRAMEWORK_SEARCH_PATHS = (
					"$(SDKROOT)/Developer/Library/Frameworks",
					"$(inherited)",
				);
				INFOPLIST_FILE = RPN_CalculatorTests/Info.plist;
				LD_RUNPATH_SEARCH_PATHS = "$(inherited) @executable_path/Frameworks @loader_path/Frameworks";
				PRODUCT_NAME = "$(TARGET_NAME)";
				TEST_HOST = "$(BUILT_PRODUCTS_DIR)/RPN_Calculator.app/RPN_Calculator";
			};
			name = Release;
		};
/* End XCBuildConfiguration section */

/* Begin XCConfigurationList section */
		E11854FC1B2643360001A5E8 /* Build configuration list for PBXProject "RPN_Calculator" */ = {
			isa = XCConfigurationList;
			buildConfigurations = (
				E11855221B2643370001A5E8 /* Debug */,
				E11855231B2643370001A5E8 /* Release */,
			);
			defaultConfigurationIsVisible = 0;
			defaultConfigurationName = Release;
		};
		E11855241B2643370001A5E8 /* Build configuration list for PBXNativeTarget "RPN_Calculator" */ = {
			isa = XCConfigurationList;
			buildConfigurations = (
				E11855251B2643370001A5E8 /* Debug */,
				E11855261B2643370001A5E8 /* Release */,
			);
			defaultConfigurationIsVisible = 0;
			defaultConfigurationName = Release;
		};
		E11855271B2643370001A5E8 /* Build configuration list for PBXNativeTarget "RPN_CalculatorTests" */ = {
			isa = XCConfigurationList;
			buildConfigurations = (
				E11855281B2643370001A5E8 /* Debug */,
				E11855291B2643370001A5E8 /* Release */,
			);
			defaultConfigurationIsVisible = 0;
			defaultConfigurationName = Release;
		};
/* End XCConfigurationList section */
	};
	rootObject = E11854F91B2643360001A5E8 /* Project object */;
}
